// !$*UTF8*$!
{
	archiveVersion = 1;
	classes = {
	};
	objectVersion = 56;
	objects = {

/* Begin PBXBuildFile section */
		45B0FF4929DAF63600046494 /* AppDelegate.swift in Sources */ = {isa = PBXBuildFile; fileRef = 45B0FF4829DAF63600046494 /* AppDelegate.swift */; };
		45B0FF4B29DAF63600046494 /* SceneDelegate.swift in Sources */ = {isa = PBXBuildFile; fileRef = 45B0FF4A29DAF63600046494 /* SceneDelegate.swift */; };
		45B0FF4D29DAF63600046494 /* MenuViewController.swift in Sources */ = {isa = PBXBuildFile; fileRef = 45B0FF4C29DAF63600046494 /* MenuViewController.swift */; };
		45B0FF5029DAF63600046494 /* Main.storyboard in Resources */ = {isa = PBXBuildFile; fileRef = 45B0FF4E29DAF63600046494 /* Main.storyboard */; };
		45B0FF5229DAF63900046494 /* Assets.xcassets in Resources */ = {isa = PBXBuildFile; fileRef = 45B0FF5129DAF63900046494 /* Assets.xcassets */; };
		45B0FF5529DAF63900046494 /* LaunchScreen.storyboard in Resources */ = {isa = PBXBuildFile; fileRef = 45B0FF5329DAF63900046494 /* LaunchScreen.storyboard */; };
		45B0FF5D29DAF7E000046494 /* ProfileViewController.swift in Sources */ = {isa = PBXBuildFile; fileRef = 45B0FF5C29DAF7DF00046494 /* ProfileViewController.swift */; };
		45B0FF5F29DAF7F600046494 /* CartViewController.swift in Sources */ = {isa = PBXBuildFile; fileRef = 45B0FF5E29DAF7F600046494 /* CartViewController.swift */; };
		45B0FF6129DAF80E00046494 /* ContactViewController.swift in Sources */ = {isa = PBXBuildFile; fileRef = 45B0FF6029DAF80E00046494 /* ContactViewController.swift */; };
		45B0FF6329DAF87C00046494 /* BannerCollectionViewCell.swift in Sources */ = {isa = PBXBuildFile; fileRef = 45B0FF6229DAF87C00046494 /* BannerCollectionViewCell.swift */; };
/* End PBXBuildFile section */

/* Begin PBXFileReference section */
		45B0FF4529DAF63600046494 /* HSTestApp.app */ = {isa = PBXFileReference; explicitFileType = wrapper.application; includeInIndex = 0; path = HSTestApp.app; sourceTree = BUILT_PRODUCTS_DIR; };
		45B0FF4829DAF63600046494 /* AppDelegate.swift */ = {isa = PBXFileReference; lastKnownFileType = sourcecode.swift; path = AppDelegate.swift; sourceTree = "<group>"; };
		45B0FF4A29DAF63600046494 /* SceneDelegate.swift */ = {isa = PBXFileReference; lastKnownFileType = sourcecode.swift; path = SceneDelegate.swift; sourceTree = "<group>"; };
		45B0FF4C29DAF63600046494 /* MenuViewController.swift */ = {isa = PBXFileReference; lastKnownFileType = sourcecode.swift; path = MenuViewController.swift; sourceTree = "<group>"; };
		45B0FF4F29DAF63600046494 /* Base */ = {isa = PBXFileReference; lastKnownFileType = file.storyboard; name = Base; path = Base.lproj/Main.storyboard; sourceTree = "<group>"; };
		45B0FF5129DAF63900046494 /* Assets.xcassets */ = {isa = PBXFileReference; lastKnownFileType = folder.assetcatalog; path = Assets.xcassets; sourceTree = "<group>"; };
		45B0FF5429DAF63900046494 /* Base */ = {isa = PBXFileReference; lastKnownFileType = file.storyboard; name = Base; path = Base.lproj/LaunchScreen.storyboard; sourceTree = "<group>"; };
		45B0FF5629DAF63900046494 /* Info.plist */ = {isa = PBXFileReference; lastKnownFileType = text.plist.xml; path = Info.plist; sourceTree = "<group>"; };
		45B0FF5C29DAF7DF00046494 /* ProfileViewController.swift */ = {isa = PBXFileReference; lastKnownFileType = sourcecode.swift; path = ProfileViewController.swift; sourceTree = "<group>"; };
		45B0FF5E29DAF7F600046494 /* CartViewController.swift */ = {isa = PBXFileReference; lastKnownFileType = sourcecode.swift; path = CartViewController.swift; sourceTree = "<group>"; };
		45B0FF6029DAF80E00046494 /* ContactViewController.swift */ = {isa = PBXFileReference; lastKnownFileType = sourcecode.swift; path = ContactViewController.swift; sourceTree = "<group>"; };
		45B0FF6229DAF87C00046494 /* BannerCollectionViewCell.swift */ = {isa = PBXFileReference; lastKnownFileType = sourcecode.swift; path = BannerCollectionViewCell.swift; sourceTree = "<group>"; };
/* End PBXFileReference section */

/* Begin PBXFrameworksBuildPhase section */
		45B0FF4229DAF63600046494 /* Frameworks */ = {
			isa = PBXFrameworksBuildPhase;
			buildActionMask = 2147483647;
			files = (
			);
			runOnlyForDeploymentPostprocessing = 0;
		};
/* End PBXFrameworksBuildPhase section */

/* Begin PBXGroup section */
		45B0FF3C29DAF63600046494 = {
			isa = PBXGroup;
			children = (
				45B0FF4729DAF63600046494 /* HSTestApp */,
				45B0FF4629DAF63600046494 /* Products */,
			);
			sourceTree = "<group>";
		};
		45B0FF4629DAF63600046494 /* Products */ = {
			isa = PBXGroup;
			children = (
				45B0FF4529DAF63600046494 /* HSTestApp.app */,
			);
			name = Products;
			sourceTree = "<group>";
		};
		45B0FF4729DAF63600046494 /* HSTestApp */ = {
			isa = PBXGroup;
			children = (
				45B0FF4829DAF63600046494 /* AppDelegate.swift */,
				45B0FF4A29DAF63600046494 /* SceneDelegate.swift */,
				45B0FF4C29DAF63600046494 /* MenuViewController.swift */,
				45B0FF6229DAF87C00046494 /* BannerCollectionViewCell.swift */,
				45B0FF5C29DAF7DF00046494 /* ProfileViewController.swift */,
				45B0FF5E29DAF7F600046494 /* CartViewController.swift */,
				45B0FF6029DAF80E00046494 /* ContactViewController.swift */,
				45B0FF4E29DAF63600046494 /* Main.storyboard */,
				45B0FF5129DAF63900046494 /* Assets.xcassets */,
				45B0FF5329DAF63900046494 /* LaunchScreen.storyboard */,
				45B0FF5629DAF63900046494 /* Info.plist */,
			);
			path = HSTestApp;
			sourceTree = "<group>";
		};
/* End PBXGroup section */

/* Begin PBXNativeTarget section */
		45B0FF4429DAF63600046494 /* HSTestApp */ = {
			isa = PBXNativeTarget;
			buildConfigurationList = 45B0FF5929DAF63900046494 /* Build configuration list for PBXNativeTarget "HSTestApp" */;
			buildPhases = (
				45B0FF4129DAF63600046494 /* Sources */,
				45B0FF4229DAF63600046494 /* Frameworks */,
				45B0FF4329DAF63600046494 /* Resources */,
			);
			buildRules = (
			);
			dependencies = (
			);
			name = HSTestApp;
			productName = HSTestApp;
			productReference = 45B0FF4529DAF63600046494 /* HSTestApp.app */;
			productType = "com.apple.product-type.application";
		};
/* End PBXNativeTarget section */

/* Begin PBXProject section */
		45B0FF3D29DAF63600046494 /* Project object */ = {
			isa = PBXProject;
			attributes = {
				BuildIndependentTargetsInParallel = 1;
				LastSwiftUpdateCheck = 1410;
				LastUpgradeCheck = 1410;
				TargetAttributes = {
					45B0FF4429DAF63600046494 = {
						CreatedOnToolsVersion = 14.1;
					};
				};
			};
			buildConfigurationList = 45B0FF4029DAF63600046494 /* Build configuration list for PBXProject "HSTestApp" */;
			compatibilityVersion = "Xcode 14.0";
			developmentRegion = en;
			hasScannedForEncodings = 0;
			knownRegions = (
				en,
				Base,
			);
			mainGroup = 45B0FF3C29DAF63600046494;
			productRefGroup = 45B0FF4629DAF63600046494 /* Products */;
			projectDirPath = "";
			projectRoot = "";
			targets = (
				45B0FF4429DAF63600046494 /* HSTestApp */,
			);
		};
/* End PBXProject section */

/* Begin PBXResourcesBuildPhase section */
		45B0FF4329DAF63600046494 /* Resources */ = {
			isa = PBXResourcesBuildPhase;
			buildActionMask = 2147483647;
			files = (
				45B0FF5529DAF63900046494 /* LaunchScreen.storyboard in Resources */,
				45B0FF5229DAF63900046494 /* Assets.xcassets in Resources */,
				45B0FF5029DAF63600046494 /* Main.storyboard in Resources */,
			);
			runOnlyForDeploymentPostprocessing = 0;
		};
/* End PBXResourcesBuildPhase section */

/* Begin PBXSourcesBuildPhase section */
		45B0FF4129DAF63600046494 /* Sources */ = {
			isa = PBXSourcesBuildPhase;
			buildActionMask = 2147483647;
			files = (
				45B0FF4D29DAF63600046494 /* MenuViewController.swift in Sources */,
				45B0FF4929DAF63600046494 /* AppDelegate.swift in Sources */,
				45B0FF5F29DAF7F600046494 /* CartViewController.swift in Sources */,
				45B0FF6329DAF87C00046494 /* BannerCollectionViewCell.swift in Sources */,
				45B0FF5D29DAF7E000046494 /* ProfileViewController.swift in Sources */,
				45B0FF4B29DAF63600046494 /* SceneDelegate.swift in Sources */,
				45B0FF6129DAF80E00046494 /* ContactViewController.swift in Sources */,
			);
			runOnlyForDeploymentPostprocessing = 0;
		};
/* End PBXSourcesBuildPhase section */

/* Begin PBXVariantGroup section */
		45B0FF4E29DAF63600046494 /* Main.storyboard */ = {
			isa = PBXVariantGroup;
			children = (
				45B0FF4F29DAF63600046494 /* Base */,
			);
			name = Main.storyboard;
			sourceTree = "<group>";
		};
		45B0FF5329DAF63900046494 /* LaunchScreen.storyboard */ = {
			isa = PBXVariantGroup;
			children = (
				45B0FF5429DAF63900046494 /* Base */,
			);
			name = LaunchScreen.storyboard;
			sourceTree = "<group>";
		};
/* End PBXVariantGroup section */

/* Begin XCBuildConfiguration section */
		45B0FF5729DAF63900046494 /* Debug */ = {
			isa = XCBuildConfiguration;
			buildSettings = {
				ALWAYS_SEARCH_USER_PATHS = NO;
				CLANG_ANALYZER_NONNULL = YES;
				CLANG_ANALYZER_NUMBER_OBJECT_CONVERSION = YES_AGGRESSIVE;
				CLANG_CXX_LANGUAGE_STANDARD = "gnu++20";
				CLANG_ENABLE_MODULES = YES;
				CLANG_ENABLE_OBJC_ARC = YES;
				CLANG_ENABLE_OBJC_WEAK = YES;
				CLANG_WARN_BLOCK_CAPTURE_AUTORELEASING = YES;
				CLANG_WARN_BOOL_CONVERSION = YES;
				CLANG_WARN_COMMA = YES;
				CLANG_WARN_CONSTANT_CONVERSION = YES;
				CLANG_WARN_DEPRECATED_OBJC_IMPLEMENTATIONS = YES;
				CLANG_WARN_DIRECT_OBJC_ISA_USAGE = YES_ERROR;
				CLANG_WARN_DOCUMENTATION_COMMENTS = YES;
				CLANG_WARN_EMPTY_BODY = YES;
				CLANG_WARN_ENUM_CONVERSION = YES;
				CLANG_WARN_INFINITE_RECURSION = YES;
				CLANG_WARN_INT_CONVERSION = YES;
				CLANG_WARN_NON_LITERAL_NULL_CONVERSION = YES;
				CLANG_WARN_OBJC_IMPLICIT_RETAIN_SELF = YES;
				CLANG_WARN_OBJC_LITERAL_CONVERSION = YES;
				CLANG_WARN_OBJC_ROOT_CLASS = YES_ERROR;
				CLANG_WARN_QUOTED_INCLUDE_IN_FRAMEWORK_HEADER = YES;
				CLANG_WARN_RANGE_LOOP_ANALYSIS = YES;
				CLANG_WARN_STRICT_PROTOTYPES = YES;
				CLANG_WARN_SUSPICIOUS_MOVE = YES;
				CLANG_WARN_UNGUARDED_AVAILABILITY = YES_AGGRESSIVE;
				CLANG_WARN_UNREACHABLE_CODE = YES;
				CLANG_WARN__DUPLICATE_METHOD_MATCH = YES;
				COPY_PHASE_STRIP = NO;
				DEBUG_INFORMATION_FORMAT = dwarf;
				ENABLE_STRICT_OBJC_MSGSEND = YES;
				ENABLE_TESTABILITY = YES;
				GCC_C_LANGUAGE_STANDARD = gnu11;
				GCC_DYNAMIC_NO_PIC = NO;
				GCC_NO_COMMON_BLOCKS = YES;
				GCC_OPTIMIZATION_LEVEL = 0;
				GCC_PREPROCESSOR_DEFINITIONS = (
					"DEBUG=1",
					"$(inherited)",
				);
				GCC_WARN_64_TO_32_BIT_CONVERSION = YES;
				GCC_WARN_ABOUT_RETURN_TYPE = YES_ERROR;
				GCC_WARN_UNDECLARED_SELECTOR = YES;
				GCC_WARN_UNINITIALIZED_AUTOS = YES_AGGRESSIVE;
				GCC_WARN_UNUSED_FUNCTION = YES;
				GCC_WARN_UNUSED_VARIABLE = YES;
				IPHONEOS_DEPLOYMENT_TARGET = 16.1;
				MTL_ENABLE_DEBUG_INFO = INCLUDE_SOURCE;
				MTL_FAST_MATH = YES;
				ONLY_ACTIVE_ARCH = YES;
				SDKROOT = iphoneos;
				SWIFT_ACTIVE_COMPILATION_CONDITIONS = DEBUG;
				SWIFT_OPTIMIZATION_LEVEL = "-Onone";
			};
			name = Debug;
		};
		45B0FF5829DAF63900046494 /* Release */ = {
			isa = XCBuildConfiguration;
			buildSettings = {
				ALWAYS_SEARCH_USER_PATHS = NO;
				CLANG_ANALYZER_NONNULL = YES;
				CLANG_ANALYZER_NUMBER_OBJECT_CONVERSION = YES_AGGRESSIVE;
				CLANG_CXX_LANGUAGE_STANDARD = "gnu++20";
				CLANG_ENABLE_MODULES = YES;
				CLANG_ENABLE_OBJC_ARC = YES;
				CLANG_ENABLE_OBJC_WEAK = YES;
				CLANG_WARN_BLOCK_CAPTURE_AUTORELEASING = YES;
				CLANG_WARN_BOOL_CONVERSION = YES;
				CLANG_WARN_COMMA = YES;
				CLANG_WARN_CONSTANT_CONVERSION = YES;
				CLANG_WARN_DEPRECATED_OBJC_IMPLEMENTATIONS = YES;
				CLANG_WARN_DIRECT_OBJC_ISA_USAGE = YES_ERROR;
				CLANG_WARN_DOCUMENTATION_COMMENTS = YES;
				CLANG_WARN_EMPTY_BODY = YES;
				CLANG_WARN_ENUM_CONVERSION = YES;
				CLANG_WARN_INFINITE_RECURSION = YES;
				CLANG_WARN_INT_CONVERSION = YES;
				CLANG_WARN_NON_LITERAL_NULL_CONVERSION = YES;
				CLANG_WARN_OBJC_IMPLICIT_RETAIN_SELF = YES;
				CLANG_WARN_OBJC_LITERAL_CONVERSION = YES;
				CLANG_WARN_OBJC_ROOT_CLASS = YES_ERROR;
				CLANG_WARN_QUOTED_INCLUDE_IN_FRAMEWORK_HEADER = YES;
				CLANG_WARN_RANGE_LOOP_ANALYSIS = YES;
				CLANG_WARN_STRICT_PROTOTYPES = YES;
				CLANG_WARN_SUSPICIOUS_MOVE = YES;
				CLANG_WARN_UNGUARDED_AVAILABILITY = YES_AGGRESSIVE;
				CLANG_WARN_UNREACHABLE_CODE = YES;
				CLANG_WARN__DUPLICATE_METHOD_MATCH = YES;
				COPY_PHASE_STRIP = NO;
				DEBUG_INFORMATION_FORMAT = "dwarf-with-dsym";
				ENABLE_NS_ASSERTIONS = NO;
				ENABLE_STRICT_OBJC_MSGSEND = YES;
				GCC_C_LANGUAGE_STANDARD = gnu11;
				GCC_NO_COMMON_BLOCKS = YES;
				GCC_WARN_64_TO_32_BIT_CONVERSION = YES;
				GCC_WARN_ABOUT_RETURN_TYPE = YES_ERROR;
				GCC_WARN_UNDECLARED_SELECTOR = YES;
				GCC_WARN_UNINITIALIZED_AUTOS = YES_AGGRESSIVE;
				GCC_WARN_UNUSED_FUNCTION = YES;
				GCC_WARN_UNUSED_VARIABLE = YES;
				IPHONEOS_DEPLOYMENT_TARGET = 16.1;
				MTL_ENABLE_DEBUG_INFO = NO;
				MTL_FAST_MATH = YES;
				SDKROOT = iphoneos;
				SWIFT_COMPILATION_MODE = wholemodule;
				SWIFT_OPTIMIZATION_LEVEL = "-O";
				VALIDATE_PRODUCT = YES;
			};
			name = Release;
		};
		45B0FF5A29DAF63900046494 /* Debug */ = {
			isa = XCBuildConfiguration;
			buildSettings = {
				ASSETCATALOG_COMPILER_APPICON_NAME = AppIcon;
				ASSETCATALOG_COMPILER_GLOBAL_ACCENT_COLOR_NAME = AccentColor;
				CODE_SIGN_STYLE = Automatic;
				CURRENT_PROJECT_VERSION = 1;
				DEVELOPMENT_TEAM = JZPU7337NX;
				GENERATE_INFOPLIST_FILE = YES;
				INFOPLIST_FILE = HSTestApp/Info.plist;
				INFOPLIST_KEY_UIApplicationSupportsIndirectInputEvents = YES;
				INFOPLIST_KEY_UILaunchStoryboardName = LaunchScreen;
				INFOPLIST_KEY_UISupportedInterfaceOrientations_iPad = "UIInterfaceOrientationPortrait UIInterfaceOrientationPortraitUpsideDown UIInterfaceOrientationLandscapeLeft UIInterfaceOrientationLandscapeRight";
				INFOPLIST_KEY_UISupportedInterfaceOrientations_iPhone = "UIInterfaceOrientationPortrait UIInterfaceOrientationLandscapeLeft UIInterfaceOrientationLandscapeRight";
				LD_RUNPATH_SEARCH_PATHS = (
					"$(inherited)",
					"@executable_path/Frameworks",
				);
				MARKETING_VERSION = 1.0;
				PRODUCT_BUNDLE_IDENTIFIER = "Roman-Vronsky.HSTestApp";
				PRODUCT_NAME = "$(TARGET_NAME)";
				SWIFT_EMIT_LOC_STRINGS = YES;
				SWIFT_VERSION = 5.0;
				TARGETED_DEVICE_FAMILY = "1,2";
			};
			name = Debug;
		};
		45B0FF5B29DAF63900046494 /* Release */ = {
			isa = XCBuildConfiguration;
			buildSettings = {
				ASSETCATALOG_COMPILER_APPICON_NAME = AppIcon;
				ASSETCATALOG_COMPILER_GLOBAL_ACCENT_COLOR_NAME = AccentColor;
				CODE_SIGN_STYLE = Automatic;
				CURRENT_PROJECT_VERSION = 1;
				DEVELOPMENT_TEAM = JZPU7337NX;
				GENERATE_INFOPLIST_FILE = YES;
				INFOPLIST_FILE = HSTestApp/Info.plist;
				INFOPLIST_KEY_UIApplicationSupportsIndirectInputEvents = YES;
				INFOPLIST_KEY_UILaunchStoryboardName = LaunchScreen;
				INFOPLIST_KEY_UISupportedInterfaceOrientations_iPad = "UIInterfaceOrientationPortrait UIInterfaceOrientationPortraitUpsideDown UIInterfaceOrientationLandscapeLeft UIInterfaceOrientationLandscapeRight";
				INFOPLIST_KEY_UISupportedInterfaceOrientations_iPhone = "UIInterfaceOrientationPortrait UIInterfaceOrientationLandscapeLeft UIInterfaceOrientationLandscapeRight";
				LD_RUNPATH_SEARCH_PATHS = (
					"$(inherited)",
					"@executable_path/Frameworks",
				);
				MARKETING_VERSION = 1.0;
				PRODUCT_BUNDLE_IDENTIFIER = "Roman-Vronsky.HSTestApp";
				PRODUCT_NAME = "$(TARGET_NAME)";
				SWIFT_EMIT_LOC_STRINGS = YES;
				SWIFT_VERSION = 5.0;
				TARGETED_DEVICE_FAMILY = "1,2";
			};
			name = Release;
		};
/* End XCBuildConfiguration section */

/* Begin XCConfigurationList section */
		45B0FF4029DAF63600046494 /* Build configuration list for PBXProject "HSTestApp" */ = {
			isa = XCConfigurationList;
			buildConfigurations = (
				45B0FF5729DAF63900046494 /* Debug */,
				45B0FF5829DAF63900046494 /* Release */,
			);
			defaultConfigurationIsVisible = 0;
			defaultConfigurationName = Release;
		};
		45B0FF5929DAF63900046494 /* Build configuration list for PBXNativeTarget "HSTestApp" */ = {
			isa = XCConfigurationList;
			buildConfigurations = (
				45B0FF5A29DAF63900046494 /* Debug */,
				45B0FF5B29DAF63900046494 /* Release */,
			);
			defaultConfigurationIsVisible = 0;
			defaultConfigurationName = Release;
		};
/* End XCConfigurationList section */
	};
	rootObject = 45B0FF3D29DAF63600046494 /* Project object */;
}
